# THIS IS AN AUTOGENERATED FILE. DO NOT EDIT THIS FILE DIRECTLY.
# yarn lockfile v1


"@tensorflow/tfjs-core@1.7.0":
  "integrity" "sha512-uwQdiklNjqBnHPeseOdG0sGxrI3+d6lybaKu2+ou3ajVeKdPEwpWbgqA6iHjq1iylnOGkgkbbnQ6r2lwkiIIHw=="
  "resolved" "https://registry.npmjs.org/@tensorflow/tfjs-core/-/tfjs-core-1.7.0.tgz"
  "version" "1.7.0"
  dependencies:
    "@types/offscreencanvas" "~2019.3.0"
    "@types/seedrandom" "2.4.27"
    "@types/webgl-ext" "0.0.30"
    "@types/webgl2" "0.0.4"
    "node-fetch" "~2.1.2"
    "seedrandom" "2.4.3"

"@types/offscreencanvas@~2019.3.0":
  "integrity" "sha512-esIJx9bQg+QYF0ra8GnvfianIY8qWB0GBx54PK5Eps6m+xTj86KLavHv6qDhzKcu5UUOgNfJ2pWaIIV7TRUd9Q=="
  "resolved" "https://registry.npmjs.org/@types/offscreencanvas/-/offscreencanvas-2019.3.0.tgz"
  "version" "2019.3.0"

"@types/seedrandom@2.4.27":
  "integrity" "sha512-YvMLqFak/7rt//lPBtEHv3M4sRNA+HGxrhFZ+DQs9K2IkYJbNwVIb8avtJfhDiuaUBX/AW0jnjv48FV8h3u9bQ=="
  "resolved" "https://registry.npmjs.org/@types/seedrandom/-/seedrandom-2.4.27.tgz"
  "version" "2.4.27"

"@types/webgl-ext@0.0.30":
  "integrity" "sha512-LKVgNmBxN0BbljJrVUwkxwRYqzsAEPcZOe6S2T6ZaBDIrFp0qu4FNlpc5sM1tGbXUYFgdVQIoeLk1Y1UoblyEg=="
  "resolved" "https://registry.npmjs.org/@types/webgl-ext/-/webgl-ext-0.0.30.tgz"
  "version" "0.0.30"

"@types/webgl2@0.0.4":
  "integrity" "sha512-PACt1xdErJbMUOUweSrbVM7gSIYm1vTncW2hF6Os/EeWi6TXYAYMPp+8v6rzHmypE5gHrxaxZNXgMkJVIdZpHw=="
  "resolved" "https://registry.npmjs.org/@types/webgl2/-/webgl2-0.0.4.tgz"
  "version" "0.0.4"

"face-api.js@^0.22.2":
  "integrity" "sha512-9Bbv/yaBRTKCXjiDqzryeKhYxmgSjJ7ukvOvEBy6krA0Ah/vNBlsf7iBNfJljWiPA8Tys1/MnB3lyP2Hfmsuyw=="
  "resolved" "https://registry.npmjs.org/face-api.js/-/face-api.js-0.22.2.tgz"
  "version" "0.22.2"
  dependencies:
    "@tensorflow/tfjs-core" "1.7.0"
    "tslib" "^1.11.1"

"jquery@^3.7.1":
  "integrity" "sha512-m4avr8yL8kmFN8psrbFFFmB/If14iN5o9nw/NgnnM+kybDJpRsAynV2BsfpTYrTRysYUdADVD7CkUUizgkpLfg=="
  "resolved" "https://registry.npmjs.org/jquery/-/jquery-3.7.1.tgz"
  "version" "3.7.1"

"node-fetch@~2.1.2":
  "integrity" "sha512-IHLHYskTc2arMYsHZH82PVX8CSKT5lzb7AXeyO06QnjGDKtkv+pv3mEki6S7reB/x1QPo+YPxQRNEVgR5V/w3Q=="
  "resolved" "https://registry.npmjs.org/node-fetch/-/node-fetch-2.1.2.tgz"
  "version" "2.1.2"

"seedrandom@2.4.3":
  "integrity" "sha512-2CkZ9Wn2dS4mMUWQaXLsOAfGD+irMlLEeSP3cMxpGbgyOOzJGFa+MWCOMTOCMyZinHRPxyOj/S/C57li/1to6Q=="
  "resolved" "https://registry.npmjs.org/seedrandom/-/seedrandom-2.4.3.tgz"
  "version" "2.4.3"

"tslib@^1.11.1":
  "integrity" "sha512-Xni35NKzjgMrwevysHTCArtLDpPvye8zV/0E4EyYn43P7/7qvQwPh9BGkHewbMulVntbigmcT7rdX3BNo9wRJg=="
  "resolved" "https://registry.npmjs.org/tslib/-/tslib-1.14.1.tgz"
  "version" "1.14.1"
